
Microsoft Visual Studio Solution File, Format Version 12.00
# Visual Studio Version 16
VisualStudioVersion = 16.0.29306.81
MinimumVisualStudioVersion = 10.0.40219.1
Project("{FAE04EC0-301F-11D3-BF4B-00C04F79EFBC}") = "Game1", "Game1.csproj", "{3E0D6DFA-6944-4281-BE61-E9ADBBDCAB72}"
EndProject
Global
	GlobalSection(SolutionConfigurationPlatforms) = preSolution
		Debug|x86 = Debug|x86
		Release|x86 = Release|x86
	EndGlobalSection
	GlobalSection(ProjectConfigurationPlatforms) = postSolution
		{3E0D6DFA-6944-4281-BE61-E9ADBBDCAB72}.Debug|x86.ActiveCfg = Debug|x86
		{3E0D6DFA-6944-4281-BE61-E9ADBBDCAB72}.Debug|x86.Build.0 = Debug|x86
		{3E0D6DFA-6944-4281-BE61-E9ADBBDCAB72}.Release|x86.ActiveCfg = Release|x86
		{3E0D6DFA-6944-4281-BE61-E9ADBBDCAB72}.Release|x86.Build.0 = Release|x86
	EndGlobalSection
	GlobalSection(SolutionProperties) = preSolution
		HideSolutionNode = FALSE
	EndGlobalSection
	GlobalSection(ExtensibilityGlobals) = postSolution
		SolutionGuid = {4CBF205C-1457-4FA3-B21E-EE662E45B812}
	EndGlobalSection
EndGlobal
